
Microsoft Visual Studio Solution File, Format Version 12.00
# Visual Studio Version 16
VisualStudioVersion = 16.0.29230.47
MinimumVisualStudioVersion = 10.0.40219.1
Project("{FAE04EC0-301F-11D3-BF4B-00C04F79EFBC}") = "DemoAnimations.Android", "DemoAnimations\DemoAnimations.Android\DemoAnimations.Android.csproj", "{7D07C270-C458-462D-BEEF-AB62CBB85651}"
EndProject
Project("{FAE04EC0-301F-11D3-BF4B-00C04F79EFBC}") = "DemoAnimations.iOS", "DemoAnimations\DemoAnimations.iOS\DemoAnimations.iOS.csproj", "{A47355FE-6CFA-4CFD-8204-3EEAF9B9EC9A}"
EndProject
Project("{FAE04EC0-301F-11D3-BF4B-00C04F79EFBC}") = "DemoAnimations", "DemoAnimations\DemoAnimations\DemoAnimations.csproj", "{5C5D92DC-0C2B-4A94-8284-7E1C6E71AF43}"
EndProject
Global
	GlobalSection(SolutionConfigurationPlatforms) = preSolution
		Debug|Any CPU = Debug|Any CPU
		Debug|iPhone = Debug|iPhone
		Debug|iPhoneSimulator = Debug|iPhoneSimulator
		Release|Any CPU = Release|Any CPU
		Release|iPhone = Release|iPhone
		Release|iPhoneSimulator = Release|iPhoneSimulator
	EndGlobalSection
	GlobalSection(ProjectConfigurationPlatforms) = postSolution
		{7D07C270-C458-462D-BEEF-AB62CBB85651}.Debug|Any CPU.ActiveCfg = Debug|Any CPU
		{7D07C270-C458-462D-BEEF-AB62CBB85651}.Debug|Any CPU.Build.0 = Debug|Any CPU
		{7D07C270-C458-462D-BEEF-AB62CBB85651}.Debug|Any CPU.Deploy.0 = Debug|Any CPU
		{7D07C270-C458-462D-BEEF-AB62CBB85651}.Debug|iPhone.ActiveCfg = Debug|Any CPU
		{7D07C270-C458-462D-BEEF-AB62CBB85651}.Debug|iPhone.Build.0 = Debug|Any CPU
		{7D07C270-C458-462D-BEEF-AB62CBB85651}.Debug|iPhone.Deploy.0 = Debug|Any CPU
		{7D07C270-C458-462D-BEEF-AB62CBB85651}.Debug|iPhoneSimulator.ActiveCfg = Debug|Any CPU
		{7D07C270-C458-462D-BEEF-AB62CBB85651}.Debug|iPhoneSimulator.Build.0 = Debug|Any CPU
		{7D07C270-C458-462D-BEEF-AB62CBB85651}.Debug|iPhoneSimulator.Deploy.0 = Debug|Any CPU
		{7D07C270-C458-462D-BEEF-AB62CBB85651}.Release|Any CPU.ActiveCfg = Release|Any CPU
		{7D07C270-C458-462D-BEEF-AB62CBB85651}.Release|Any CPU.Build.0 = Release|Any CPU
		{7D07C270-C458-462D-BEEF-AB62CBB85651}.Release|Any CPU.Deploy.0 = Release|Any CPU
		{7D07C270-C458-462D-BEEF-AB62CBB85651}.Release|iPhone.ActiveCfg = Release|Any CPU
		{7D07C270-C458-462D-BEEF-AB62CBB85651}.Release|iPhone.Build.0 = Release|Any CPU
		{7D07C270-C458-462D-BEEF-AB62CBB85651}.Release|iPhone.Deploy.0 = Release|Any CPU
		{7D07C270-C458-462D-BEEF-AB62CBB85651}.Release|iPhoneSimulator.ActiveCfg = Release|Any CPU
		{7D07C270-C458-462D-BEEF-AB62CBB85651}.Release|iPhoneSimulator.Build.0 = Release|Any CPU
		{7D07C270-C458-462D-BEEF-AB62CBB85651}.Release|iPhoneSimulator.Deploy.0 = Release|Any CPU
		{A47355FE-6CFA-4CFD-8204-3EEAF9B9EC9A}.Debug|Any CPU.ActiveCfg = Debug|iPhoneSimulator
		{A47355FE-6CFA-4CFD-8204-3EEAF9B9EC9A}.Debug|Any CPU.Build.0 = Debug|iPhoneSimulator
		{A47355FE-6CFA-4CFD-8204-3EEAF9B9EC9A}.Debug|Any CPU.Deploy.0 = Debug|iPhoneSimulator
		{A47355FE-6CFA-4CFD-8204-3EEAF9B9EC9A}.Debug|iPhone.ActiveCfg = Debug|iPhone
		{A47355FE-6CFA-4CFD-8204-3EEAF9B9EC9A}.Debug|iPhone.Build.0 = Debug|iPhone
		{A47355FE-6CFA-4CFD-8204-3EEAF9B9EC9A}.Debug|iPhone.Deploy.0 = Debug|iPhone
		{A47355FE-6CFA-4CFD-8204-3EEAF9B9EC9A}.Debug|iPhoneSimulator.ActiveCfg = Debug|iPhoneSimulator
		{A47355FE-6CFA-4CFD-8204-3EEAF9B9EC9A}.Debug|iPhoneSimulator.Build.0 = Debug|iPhoneSimulator
		{A47355FE-6CFA-4CFD-8204-3EEAF9B9EC9A}.Debug|iPhoneSimulator.Deploy.0 = Debug|iPhoneSimulator
		{A47355FE-6CFA-4CFD-8204-3EEAF9B9EC9A}.Release|Any CPU.ActiveCfg = Release|iPhone
		{A47355FE-6CFA-4CFD-8204-3EEAF9B9EC9A}.Release|Any CPU.Build.0 = Release|iPhone
		{A47355FE-6CFA-4CFD-8204-3EEAF9B9EC9A}.Release|Any CPU.Deploy.0 = Release|iPhone
		{A47355FE-6CFA-4CFD-8204-3EEAF9B9EC9A}.Release|iPhone.ActiveCfg = Release|iPhone
		{A47355FE-6CFA-4CFD-8204-3EEAF9B9EC9A}.Release|iPhone.Build.0 = Release|iPhone
		{A47355FE-6CFA-4CFD-8204-3EEAF9B9EC9A}.Release|iPhone.Deploy.0 = Release|iPhone
		{A47355FE-6CFA-4CFD-8204-3EEAF9B9EC9A}.Release|iPhoneSimulator.ActiveCfg = Release|iPhoneSimulator
		{A47355FE-6CFA-4CFD-8204-3EEAF9B9EC9A}.Release|iPhoneSimulator.Build.0 = Release|iPhoneSimulator
		{A47355FE-6CFA-4CFD-8204-3EEAF9B9EC9A}.Release|iPhoneSimulator.Deploy.0 = Release|iPhoneSimulator
		{5C5D92DC-0C2B-4A94-8284-7E1C6E71AF43}.Debug|Any CPU.ActiveCfg = Debug|Any CPU
		{5C5D92DC-0C2B-4A94-8284-7E1C6E71AF43}.Debug|Any CPU.Build.0 = Debug|Any CPU
		{5C5D92DC-0C2B-4A94-8284-7E1C6E71AF43}.Debug|Any CPU.Deploy.0 = Debug|Any CPU
		{5C5D92DC-0C2B-4A94-8284-7E1C6E71AF43}.Debug|iPhone.ActiveCfg = Debug|Any CPU
		{5C5D92DC-0C2B-4A94-8284-7E1C6E71AF43}.Debug|iPhone.Build.0 = Debug|Any CPU
		{5C5D92DC-0C2B-4A94-8284-7E1C6E71AF43}.Debug|iPhone.Deploy.0 = Debug|Any CPU
		{5C5D92DC-0C2B-4A94-8284-7E1C6E71AF43}.Debug|iPhoneSimulator.ActiveCfg = Debug|Any CPU
		{5C5D92DC-0C2B-4A94-8284-7E1C6E71AF43}.Debug|iPhoneSimulator.Build.0 = Debug|Any CPU
		{5C5D92DC-0C2B-4A94-8284-7E1C6E71AF43}.Debug|iPhoneSimulator.Deploy.0 = Debug|Any CPU
		{5C5D92DC-0C2B-4A94-8284-7E1C6E71AF43}.Release|Any CPU.ActiveCfg = Release|Any CPU
		{5C5D92DC-0C2B-4A94-8284-7E1C6E71AF43}.Release|Any CPU.Build.0 = Release|Any CPU
		{5C5D92DC-0C2B-4A94-8284-7E1C6E71AF43}.Release|Any CPU.Deploy.0 = Release|Any CPU
		{5C5D92DC-0C2B-4A94-8284-7E1C6E71AF43}.Release|iPhone.ActiveCfg = Release|Any CPU
		{5C5D92DC-0C2B-4A94-8284-7E1C6E71AF43}.Release|iPhone.Build.0 = Release|Any CPU
		{5C5D92DC-0C2B-4A94-8284-7E1C6E71AF43}.Release|iPhone.Deploy.0 = Release|Any CPU
		{5C5D92DC-0C2B-4A94-8284-7E1C6E71AF43}.Release|iPhoneSimulator.ActiveCfg = Release|Any CPU
		{5C5D92DC-0C2B-4A94-8284-7E1C6E71AF43}.Release|iPhoneSimulator.Build.0 = Release|Any CPU
		{5C5D92DC-0C2B-4A94-8284-7E1C6E71AF43}.Release|iPhoneSimulator.Deploy.0 = Release|Any CPU
	EndGlobalSection
	GlobalSection(SolutionProperties) = preSolution
		HideSolutionNode = FALSE
	EndGlobalSection
	GlobalSection(ExtensibilityGlobals) = postSolution
		SolutionGuid = {91AA92F3-3A78-4C2F-89E1-3D166E54463E}
	EndGlobalSection
EndGlobal
